
Microsoft Visual Studio Solution File, Format Version 12.00
# Visual Studio Version 17
VisualStudioVersion = 17.1.32328.378
MinimumVisualStudioVersion = 10.0.40219.1
Project("{FAE04EC0-301F-11D3-BF4B-00C04F79EFBC}") = "ExamApi", "ExamApi\ExamApi.csproj", "{EF05E6F4-690B-4C72-BA8A-F7AEEFAC5E2C}"
EndProject
Project("{FAE04EC0-301F-11D3-BF4B-00C04F79EFBC}") = "Datas", "Datas\Datas.csproj", "{20B0C10F-1290-4462-9027-AE47B6B79665}"
EndProject
Global
	GlobalSection(SolutionConfigurationPlatforms) = preSolution
		Debug|Any CPU = Debug|Any CPU
		Release|Any CPU = Release|Any CPU
	EndGlobalSection
	GlobalSection(ProjectConfigurationPlatforms) = postSolution
		{EF05E6F4-690B-4C72-BA8A-F7AEEFAC5E2C}.Debug|Any CPU.ActiveCfg = Debug|Any CPU
		{EF05E6F4-690B-4C72-BA8A-F7AEEFAC5E2C}.Debug|Any CPU.Build.0 = Debug|Any CPU
		{EF05E6F4-690B-4C72-BA8A-F7AEEFAC5E2C}.Release|Any CPU.ActiveCfg = Release|Any CPU
		{EF05E6F4-690B-4C72-BA8A-F7AEEFAC5E2C}.Release|Any CPU.Build.0 = Release|Any CPU
		{20B0C10F-1290-4462-9027-AE47B6B79665}.Debug|Any CPU.ActiveCfg = Debug|Any CPU
		{20B0C10F-1290-4462-9027-AE47B6B79665}.Debug|Any CPU.Build.0 = Debug|Any CPU
		{20B0C10F-1290-4462-9027-AE47B6B79665}.Release|Any CPU.ActiveCfg = Release|Any CPU
		{20B0C10F-1290-4462-9027-AE47B6B79665}.Release|Any CPU.Build.0 = Release|Any CPU
	EndGlobalSection
	GlobalSection(SolutionProperties) = preSolution
		HideSolutionNode = FALSE
	EndGlobalSection
	GlobalSection(ExtensibilityGlobals) = postSolution
		SolutionGuid = {27CF66F1-C188-4502-8F68-01A09E875BEC}
	EndGlobalSection
EndGlobal
